// !$*UTF8*$!
{
	archiveVersion = 1;
	classes = {
	};
	objectVersion = 56;
	objects = {

/* Begin PBXBuildFile section */
		871EE7B82C29462C00E8BE37 /* Transformer+Ext.swift in Sources */ = {isa = PBXBuildFile; fileRef = 871EE7B72C29462C00E8BE37 /* Transformer+Ext.swift */; };
		871EE7BC2C29504100E8BE37 /* AnyDictionaryCoding.swift in Sources */ = {isa = PBXBuildFile; fileRef = 871EE7BB2C29504100E8BE37 /* AnyDictionaryCoding.swift */; };
		87341A2F2C217D4400DF23FF /* IgnoredKey.swift in Sources */ = {isa = PBXBuildFile; fileRef = 87341A2E2C217D4400DF23FF /* IgnoredKey.swift */; };
		876D56A32C18333C0006E25E /* AnyBacked.swift in Sources */ = {isa = PBXBuildFile; fileRef = 876D56A22C18333C0006E25E /* AnyBacked.swift */; };
		876D56A52C183D6F0006E25E /* RGBAColorCoding.swift in Sources */ = {isa = PBXBuildFile; fileRef = 876D56A42C183D6F0006E25E /* RGBAColorCoding.swift */; };
		876D56A72C1845470006E25E /* RectCoding.swift in Sources */ = {isa = PBXBuildFile; fileRef = 876D56A62C1845470006E25E /* RectCoding.swift */; };
		87EC9BCA2C22761A001DD724 /* BoolCoding.swift in Sources */ = {isa = PBXBuildFile; fileRef = 87EC9BC92C22761A001DD724 /* BoolCoding.swift */; };
		87EC9BCC2C227C98001DD724 /* Transformer.swift in Sources */ = {isa = PBXBuildFile; fileRef = 87EC9BCB2C227C98001DD724 /* Transformer.swift */; };
		87EC9BCE2C22820C001DD724 /* PointCoding.swift in Sources */ = {isa = PBXBuildFile; fileRef = 87EC9BCD2C22820C001DD724 /* PointCoding.swift */; };
		87EC9BD02C22AD2D001DD724 /* DateCoding.swift in Sources */ = {isa = PBXBuildFile; fileRef = 87EC9BCF2C22AD2D001DD724 /* DateCoding.swift */; };
		87EC9BD22C22AF55001DD724 /* _PropertyWrappers.swift in Sources */ = {isa = PBXBuildFile; fileRef = 87EC9BD12C22AF55001DD724 /* _PropertyWrappers.swift */; };
		87F2AB842C1FCF2B006DF62F /* KeyStrategy.swift in Sources */ = {isa = PBXBuildFile; fileRef = 87F2AB832C1FCF2B006DF62F /* KeyStrategy.swift */; };
		87F2AB862C1FCFDE006DF62F /* Ext.swift in Sources */ = {isa = PBXBuildFile; fileRef = 87F2AB852C1FCFDE006DF62F /* Ext.swift */; };
		87F2AB882C200C8A006DF62F /* Enserializer.swift in Sources */ = {isa = PBXBuildFile; fileRef = 87F2AB872C200C8A006DF62F /* Enserializer.swift */; };
		F70CFD4F2C2998BB0056CB9F /* ValueX.swift in Sources */ = {isa = PBXBuildFile; fileRef = F70CFD4E2C2998BB0056CB9F /* ValueX.swift */; };
		F747FFD62C231846001A4680 /* RGBColorCoding.swift in Sources */ = {isa = PBXBuildFile; fileRef = F747FFD52C231846001A4680 /* RGBColorCoding.swift */; };
		F747FFD82C232328001A4680 /* HasDefaultValuable.swift in Sources */ = {isa = PBXBuildFile; fileRef = F747FFD72C232328001A4680 /* HasDefaultValuable.swift */; };
		F76AF7902C16A29A005DC327 /* CodableExampleApp.swift in Sources */ = {isa = PBXBuildFile; fileRef = F76AF78F2C16A29A005DC327 /* CodableExampleApp.swift */; };
		F76AF7922C16A29A005DC327 /* ContentView.swift in Sources */ = {isa = PBXBuildFile; fileRef = F76AF7912C16A29A005DC327 /* ContentView.swift */; };
		F76AF7942C16A29B005DC327 /* Assets.xcassets in Resources */ = {isa = PBXBuildFile; fileRef = F76AF7932C16A29B005DC327 /* Assets.xcassets */; };
		F76AF7982C16A29B005DC327 /* Preview Assets.xcassets in Resources */ = {isa = PBXBuildFile; fileRef = F76AF7972C16A29B005DC327 /* Preview Assets.xcassets */; };
		F76AF79F2C16A3C0005DC327 /* Codable.json in Resources */ = {isa = PBXBuildFile; fileRef = F76AF79E2C16A3C0005DC327 /* Codable.json */; };
		F76AF7B72C16A415005DC327 /* PathCodingKey.swift in Sources */ = {isa = PBXBuildFile; fileRef = F76AF7A02C16A415005DC327 /* PathCodingKey.swift */; };
		F76AF7B82C16A415005DC327 /* ApiResponse.swift in Sources */ = {isa = PBXBuildFile; fileRef = F76AF7A12C16A415005DC327 /* ApiResponse.swift */; };
		F76AF7B92C16A415005DC327 /* DataCoding.swift in Sources */ = {isa = PBXBuildFile; fileRef = F76AF7A22C16A415005DC327 /* DataCoding.swift */; };
		F76AF7BD2C16A415005DC327 /* DateFormatterCoding.swift in Sources */ = {isa = PBXBuildFile; fileRef = F76AF7A62C16A415005DC327 /* DateFormatterCoding.swift */; };
		F76AF7BE2C16A415005DC327 /* DecimalNumberCoding.swift in Sources */ = {isa = PBXBuildFile; fileRef = F76AF7A72C16A415005DC327 /* DecimalNumberCoding.swift */; };
		F76AF7BF2C16A415005DC327 /* Deserializer.swift in Sources */ = {isa = PBXBuildFile; fileRef = F76AF7A82C16A415005DC327 /* Deserializer.swift */; };
		F76AF7C12C16A415005DC327 /* EnumCoding.swift in Sources */ = {isa = PBXBuildFile; fileRef = F76AF7AA2C16A415005DC327 /* EnumCoding.swift */; };
		F76AF7C32C16A415005DC327 /* HexColorCoding.swift in Sources */ = {isa = PBXBuildFile; fileRef = F76AF7AC2C16A415005DC327 /* HexColorCoding.swift */; };
		F76AF7C42C16A415005DC327 /* Hollow.swift in Sources */ = {isa = PBXBuildFile; fileRef = F76AF7AD2C16A415005DC327 /* Hollow.swift */; };
		F76AF7C52C16A415005DC327 /* Immutable.swift in Sources */ = {isa = PBXBuildFile; fileRef = F76AF7AE2C16A415005DC327 /* Immutable.swift */; };
		F76AF7C62C16A415005DC327 /* ISO8601DateCoding.swift in Sources */ = {isa = PBXBuildFile; fileRef = F76AF7AF2C16A415005DC327 /* ISO8601DateCoding.swift */; };
		F76AF7C72C16A415005DC327 /* KeyedDecodingContainer+Ext.swift in Sources */ = {isa = PBXBuildFile; fileRef = F76AF7B02C16A415005DC327 /* KeyedDecodingContainer+Ext.swift */; };
		F76AF7C82C16A415005DC327 /* KeyedEncodingContainer+Ext.swift in Sources */ = {isa = PBXBuildFile; fileRef = F76AF7B12C16A415005DC327 /* KeyedEncodingContainer+Ext.swift */; };
		F76AF7C92C16A415005DC327 /* HollowCodable.swift in Sources */ = {isa = PBXBuildFile; fileRef = F76AF7B22C16A415005DC327 /* HollowCodable.swift */; };
		F76AF7CA2C16A415005DC327 /* ReplaceKeys.swift in Sources */ = {isa = PBXBuildFile; fileRef = F76AF7B32C16A415005DC327 /* ReplaceKeys.swift */; };
		F76AF7CB2C16A415005DC327 /* TimestampDateCoding.swift in Sources */ = {isa = PBXBuildFile; fileRef = F76AF7B42C16A415005DC327 /* TimestampDateCoding.swift */; };
		F76AF7CE2C16A599005DC327 /* Res.swift in Sources */ = {isa = PBXBuildFile; fileRef = F76AF7CD2C16A599005DC327 /* Res.swift */; };
		F76AF7D02C16A604005DC327 /* Model.swift in Sources */ = {isa = PBXBuildFile; fileRef = F76AF7CF2C16A604005DC327 /* Model.swift */; };
		F76AF7D22C16B1C5005DC327 /* HollowCodable.podspec in Resources */ = {isa = PBXBuildFile; fileRef = F76AF7D12C16B1C5005DC327 /* HollowCodable.podspec */; };
		F76AF7D42C16B201005DC327 /* README.md in Resources */ = {isa = PBXBuildFile; fileRef = F76AF7D32C16B201005DC327 /* README.md */; };
		F7B9978E2C2723C9006D1C45 /* RFC2822DateCoding.swift in Sources */ = {isa = PBXBuildFile; fileRef = F7B9978D2C2723C9006D1C45 /* RFC2822DateCoding.swift */; };
		F7B997902C2723E7006D1C45 /* RFC3339DateCoding.swift in Sources */ = {isa = PBXBuildFile; fileRef = F7B9978F2C2723E7006D1C45 /* RFC3339DateCoding.swift */; };
		F7B997942C272CF4006D1C45 /* Base64DataCoding.swift in Sources */ = {isa = PBXBuildFile; fileRef = F7B997932C272CF4006D1C45 /* Base64DataCoding.swift */; };
		F7B997962C27467D006D1C45 /* Converter.swift in Sources */ = {isa = PBXBuildFile; fileRef = F7B997952C27467D006D1C45 /* Converter.swift */; };
		F7EA7B692C205EA40048E264 /* DefaultBacked.swift in Sources */ = {isa = PBXBuildFile; fileRef = F7EA7B682C205EA40048E264 /* DefaultBacked.swift */; };
		F7EA7B6B2C20712A0048E264 /* Logger.swift in Sources */ = {isa = PBXBuildFile; fileRef = F7EA7B6A2C20712A0048E264 /* Logger.swift */; };
/* End PBXBuildFile section */

/* Begin PBXFileReference section */
		871EE7B72C29462C00E8BE37 /* Transformer+Ext.swift */ = {isa = PBXFileReference; lastKnownFileType = sourcecode.swift; path = "Transformer+Ext.swift"; sourceTree = "<group>"; };
		871EE7BB2C29504100E8BE37 /* AnyDictionaryCoding.swift */ = {isa = PBXFileReference; fileEncoding = 4; lastKnownFileType = sourcecode.swift; path = AnyDictionaryCoding.swift; sourceTree = "<group>"; };
		87341A2E2C217D4400DF23FF /* IgnoredKey.swift */ = {isa = PBXFileReference; lastKnownFileType = sourcecode.swift; path = IgnoredKey.swift; sourceTree = "<group>"; };
		876D56A22C18333C0006E25E /* AnyBacked.swift */ = {isa = PBXFileReference; lastKnownFileType = sourcecode.swift; path = AnyBacked.swift; sourceTree = "<group>"; };
		876D56A42C183D6F0006E25E /* RGBAColorCoding.swift */ = {isa = PBXFileReference; lastKnownFileType = sourcecode.swift; path = RGBAColorCoding.swift; sourceTree = "<group>"; };
		876D56A62C1845470006E25E /* RectCoding.swift */ = {isa = PBXFileReference; lastKnownFileType = sourcecode.swift; path = RectCoding.swift; sourceTree = "<group>"; };
		87EC9BC92C22761A001DD724 /* BoolCoding.swift */ = {isa = PBXFileReference; lastKnownFileType = sourcecode.swift; path = BoolCoding.swift; sourceTree = "<group>"; };
		87EC9BCB2C227C98001DD724 /* Transformer.swift */ = {isa = PBXFileReference; lastKnownFileType = sourcecode.swift; path = Transformer.swift; sourceTree = "<group>"; };
		87EC9BCD2C22820C001DD724 /* PointCoding.swift */ = {isa = PBXFileReference; lastKnownFileType = sourcecode.swift; path = PointCoding.swift; sourceTree = "<group>"; };
		87EC9BCF2C22AD2D001DD724 /* DateCoding.swift */ = {isa = PBXFileReference; lastKnownFileType = sourcecode.swift; path = DateCoding.swift; sourceTree = "<group>"; };
		87EC9BD12C22AF55001DD724 /* _PropertyWrappers.swift */ = {isa = PBXFileReference; lastKnownFileType = sourcecode.swift; path = _PropertyWrappers.swift; sourceTree = "<group>"; };
		87F2AB832C1FCF2B006DF62F /* KeyStrategy.swift */ = {isa = PBXFileReference; lastKnownFileType = sourcecode.swift; path = KeyStrategy.swift; sourceTree = "<group>"; };
		87F2AB852C1FCFDE006DF62F /* Ext.swift */ = {isa = PBXFileReference; lastKnownFileType = sourcecode.swift; path = Ext.swift; sourceTree = "<group>"; };
		87F2AB872C200C8A006DF62F /* Enserializer.swift */ = {isa = PBXFileReference; lastKnownFileType = sourcecode.swift; path = Enserializer.swift; sourceTree = "<group>"; };
		F70CFD4E2C2998BB0056CB9F /* ValueX.swift */ = {isa = PBXFileReference; lastKnownFileType = sourcecode.swift; path = ValueX.swift; sourceTree = "<group>"; };
		F747FFD52C231846001A4680 /* RGBColorCoding.swift */ = {isa = PBXFileReference; lastKnownFileType = sourcecode.swift; path = RGBColorCoding.swift; sourceTree = "<group>"; };
		F747FFD72C232328001A4680 /* HasDefaultValuable.swift */ = {isa = PBXFileReference; lastKnownFileType = sourcecode.swift; path = HasDefaultValuable.swift; sourceTree = "<group>"; };
		F76AF78C2C16A29A005DC327 /* CodableExample.app */ = {isa = PBXFileReference; explicitFileType = wrapper.application; includeInIndex = 0; path = CodableExample.app; sourceTree = BUILT_PRODUCTS_DIR; };
		F76AF78F2C16A29A005DC327 /* CodableExampleApp.swift */ = {isa = PBXFileReference; lastKnownFileType = sourcecode.swift; path = CodableExampleApp.swift; sourceTree = "<group>"; };
		F76AF7912C16A29A005DC327 /* ContentView.swift */ = {isa = PBXFileReference; lastKnownFileType = sourcecode.swift; path = ContentView.swift; sourceTree = "<group>"; };
		F76AF7932C16A29B005DC327 /* Assets.xcassets */ = {isa = PBXFileReference; lastKnownFileType = folder.assetcatalog; path = Assets.xcassets; sourceTree = "<group>"; };
		F76AF7952C16A29B005DC327 /* CodableExample.entitlements */ = {isa = PBXFileReference; lastKnownFileType = text.plist.entitlements; path = CodableExample.entitlements; sourceTree = "<group>"; };
		F76AF7972C16A29B005DC327 /* Preview Assets.xcassets */ = {isa = PBXFileReference; lastKnownFileType = folder.assetcatalog; path = "Preview Assets.xcassets"; sourceTree = "<group>"; };
		F76AF79E2C16A3C0005DC327 /* Codable.json */ = {isa = PBXFileReference; fileEncoding = 4; lastKnownFileType = text.json; path = Codable.json; sourceTree = "<group>"; };
		F76AF7A02C16A415005DC327 /* PathCodingKey.swift */ = {isa = PBXFileReference; fileEncoding = 4; lastKnownFileType = sourcecode.swift; path = PathCodingKey.swift; sourceTree = "<group>"; };
		F76AF7A12C16A415005DC327 /* ApiResponse.swift */ = {isa = PBXFileReference; fileEncoding = 4; lastKnownFileType = sourcecode.swift; path = ApiResponse.swift; sourceTree = "<group>"; };
		F76AF7A22C16A415005DC327 /* DataCoding.swift */ = {isa = PBXFileReference; fileEncoding = 4; lastKnownFileType = sourcecode.swift; path = DataCoding.swift; sourceTree = "<group>"; };
		F76AF7A62C16A415005DC327 /* DateFormatterCoding.swift */ = {isa = PBXFileReference; fileEncoding = 4; lastKnownFileType = sourcecode.swift; path = DateFormatterCoding.swift; sourceTree = "<group>"; };
		F76AF7A72C16A415005DC327 /* DecimalNumberCoding.swift */ = {isa = PBXFileReference; fileEncoding = 4; lastKnownFileType = sourcecode.swift; path = DecimalNumberCoding.swift; sourceTree = "<group>"; };
		F76AF7A82C16A415005DC327 /* Deserializer.swift */ = {isa = PBXFileReference; fileEncoding = 4; lastKnownFileType = sourcecode.swift; path = Deserializer.swift; sourceTree = "<group>"; };
		F76AF7AA2C16A415005DC327 /* EnumCoding.swift */ = {isa = PBXFileReference; fileEncoding = 4; lastKnownFileType = sourcecode.swift; path = EnumCoding.swift; sourceTree = "<group>"; };
		F76AF7AC2C16A415005DC327 /* HexColorCoding.swift */ = {isa = PBXFileReference; fileEncoding = 4; lastKnownFileType = sourcecode.swift; path = HexColorCoding.swift; sourceTree = "<group>"; };
		F76AF7AD2C16A415005DC327 /* Hollow.swift */ = {isa = PBXFileReference; fileEncoding = 4; lastKnownFileType = sourcecode.swift; path = Hollow.swift; sourceTree = "<group>"; };
		F76AF7AE2C16A415005DC327 /* Immutable.swift */ = {isa = PBXFileReference; fileEncoding = 4; lastKnownFileType = sourcecode.swift; path = Immutable.swift; sourceTree = "<group>"; };
		F76AF7AF2C16A415005DC327 /* ISO8601DateCoding.swift */ = {isa = PBXFileReference; fileEncoding = 4; lastKnownFileType = sourcecode.swift; path = ISO8601DateCoding.swift; sourceTree = "<group>"; };
		F76AF7B02C16A415005DC327 /* KeyedDecodingContainer+Ext.swift */ = {isa = PBXFileReference; fileEncoding = 4; lastKnownFileType = sourcecode.swift; path = "KeyedDecodingContainer+Ext.swift"; sourceTree = "<group>"; };
		F76AF7B12C16A415005DC327 /* KeyedEncodingContainer+Ext.swift */ = {isa = PBXFileReference; fileEncoding = 4; lastKnownFileType = sourcecode.swift; path = "KeyedEncodingContainer+Ext.swift"; sourceTree = "<group>"; };
		F76AF7B22C16A415005DC327 /* HollowCodable.swift */ = {isa = PBXFileReference; fileEncoding = 4; lastKnownFileType = sourcecode.swift; path = HollowCodable.swift; sourceTree = "<group>"; };
		F76AF7B32C16A415005DC327 /* ReplaceKeys.swift */ = {isa = PBXFileReference; fileEncoding = 4; lastKnownFileType = sourcecode.swift; path = ReplaceKeys.swift; sourceTree = "<group>"; };
		F76AF7B42C16A415005DC327 /* TimestampDateCoding.swift */ = {isa = PBXFileReference; fileEncoding = 4; lastKnownFileType = sourcecode.swift; path = TimestampDateCoding.swift; sourceTree = "<group>"; };
		F76AF7CD2C16A599005DC327 /* Res.swift */ = {isa = PBXFileReference; lastKnownFileType = sourcecode.swift; path = Res.swift; sourceTree = "<group>"; };
		F76AF7CF2C16A604005DC327 /* Model.swift */ = {isa = PBXFileReference; lastKnownFileType = sourcecode.swift; path = Model.swift; sourceTree = "<group>"; };
		F76AF7D12C16B1C5005DC327 /* HollowCodable.podspec */ = {isa = PBXFileReference; fileEncoding = 4; lastKnownFileType = text; path = HollowCodable.podspec; sourceTree = SOURCE_ROOT; };
		F76AF7D32C16B201005DC327 /* README.md */ = {isa = PBXFileReference; fileEncoding = 4; lastKnownFileType = net.daringfireball.markdown; path = README.md; sourceTree = SOURCE_ROOT; };
		F7B9978D2C2723C9006D1C45 /* RFC2822DateCoding.swift */ = {isa = PBXFileReference; lastKnownFileType = sourcecode.swift; path = RFC2822DateCoding.swift; sourceTree = "<group>"; };
		F7B9978F2C2723E7006D1C45 /* RFC3339DateCoding.swift */ = {isa = PBXFileReference; lastKnownFileType = sourcecode.swift; path = RFC3339DateCoding.swift; sourceTree = "<group>"; };
		F7B997932C272CF4006D1C45 /* Base64DataCoding.swift */ = {isa = PBXFileReference; lastKnownFileType = sourcecode.swift; path = Base64DataCoding.swift; sourceTree = "<group>"; };
		F7B997952C27467D006D1C45 /* Converter.swift */ = {isa = PBXFileReference; lastKnownFileType = sourcecode.swift; path = Converter.swift; sourceTree = "<group>"; };
		F7EA7B682C205EA40048E264 /* DefaultBacked.swift */ = {isa = PBXFileReference; lastKnownFileType = sourcecode.swift; path = DefaultBacked.swift; sourceTree = "<group>"; };
		F7EA7B6A2C20712A0048E264 /* Logger.swift */ = {isa = PBXFileReference; lastKnownFileType = sourcecode.swift; path = Logger.swift; sourceTree = "<group>"; };
/* End PBXFileReference section */

/* Begin PBXFrameworksBuildPhase section */
		F76AF7892C16A29A005DC327 /* Frameworks */ = {
			isa = PBXFrameworksBuildPhase;
			buildActionMask = 2147483647;
			files = (
			);
			runOnlyForDeploymentPostprocessing = 0;
		};
/* End PBXFrameworksBuildPhase section */

/* Begin PBXGroup section */
		F76AF7832C16A299005DC327 = {
			isa = PBXGroup;
			children = (
				F76AF78E2C16A29A005DC327 /* CodableExample */,
				F76AF78D2C16A29A005DC327 /* Products */,
			);
			sourceTree = "<group>";
		};
		F76AF78D2C16A29A005DC327 /* Products */ = {
			isa = PBXGroup;
			children = (
				F76AF78C2C16A29A005DC327 /* CodableExample.app */,
			);
			name = Products;
			sourceTree = "<group>";
		};
		F76AF78E2C16A29A005DC327 /* CodableExample */ = {
			isa = PBXGroup;
			children = (
				F76AF7B62C16A415005DC327 /* Sources */,
				F76AF78F2C16A29A005DC327 /* CodableExampleApp.swift */,
				F76AF7912C16A29A005DC327 /* ContentView.swift */,
				F76AF7CF2C16A604005DC327 /* Model.swift */,
				F76AF7CD2C16A599005DC327 /* Res.swift */,
				F76AF7D32C16B201005DC327 /* README.md */,
				F76AF7D12C16B1C5005DC327 /* HollowCodable.podspec */,
				F76AF79E2C16A3C0005DC327 /* Codable.json */,
				F76AF7932C16A29B005DC327 /* Assets.xcassets */,
				F76AF7952C16A29B005DC327 /* CodableExample.entitlements */,
				F76AF7962C16A29B005DC327 /* Preview Content */,
			);
			path = CodableExample;
			sourceTree = "<group>";
		};
		F76AF7962C16A29B005DC327 /* Preview Content */ = {
			isa = PBXGroup;
			children = (
				F76AF7972C16A29B005DC327 /* Preview Assets.xcassets */,
			);
			path = "Preview Content";
			sourceTree = "<group>";
		};
		F76AF7B62C16A415005DC327 /* Sources */ = {
			isa = PBXGroup;
			children = (
				F7B997972C2827CE006D1C45 /* Codings */,
				87EC9BD12C22AF55001DD724 /* _PropertyWrappers.swift */,
				876D56A22C18333C0006E25E /* AnyBacked.swift */,
				F76AF7A12C16A415005DC327 /* ApiResponse.swift */,
				F7B997952C27467D006D1C45 /* Converter.swift */,
				F7EA7B682C205EA40048E264 /* DefaultBacked.swift */,
				F76AF7A82C16A415005DC327 /* Deserializer.swift */,
				87F2AB872C200C8A006DF62F /* Enserializer.swift */,
				87F2AB852C1FCFDE006DF62F /* Ext.swift */,
				F747FFD72C232328001A4680 /* HasDefaultValuable.swift */,
				F76AF7AD2C16A415005DC327 /* Hollow.swift */,
				F76AF7B22C16A415005DC327 /* HollowCodable.swift */,
				87341A2E2C217D4400DF23FF /* IgnoredKey.swift */,
				F76AF7AE2C16A415005DC327 /* Immutable.swift */,
				F76AF7B02C16A415005DC327 /* KeyedDecodingContainer+Ext.swift */,
				F76AF7B12C16A415005DC327 /* KeyedEncodingContainer+Ext.swift */,
				87F2AB832C1FCF2B006DF62F /* KeyStrategy.swift */,
				F7EA7B6A2C20712A0048E264 /* Logger.swift */,
				F76AF7A02C16A415005DC327 /* PathCodingKey.swift */,
				F76AF7B32C16A415005DC327 /* ReplaceKeys.swift */,
				87EC9BCB2C227C98001DD724 /* Transformer.swift */,
				871EE7B72C29462C00E8BE37 /* Transformer+Ext.swift */,
				F70CFD4E2C2998BB0056CB9F /* ValueX.swift */,
			);
			path = Sources;
			sourceTree = SOURCE_ROOT;
		};
		F7B997972C2827CE006D1C45 /* Codings */ = {
			isa = PBXGroup;
			children = (
				871EE7BB2C29504100E8BE37 /* AnyDictionaryCoding.swift */,
				F7B997932C272CF4006D1C45 /* Base64DataCoding.swift */,
				87EC9BC92C22761A001DD724 /* BoolCoding.swift */,
				F76AF7A22C16A415005DC327 /* DataCoding.swift */,
				87EC9BCF2C22AD2D001DD724 /* DateCoding.swift */,
				F76AF7A62C16A415005DC327 /* DateFormatterCoding.swift */,
				F76AF7A72C16A415005DC327 /* DecimalNumberCoding.swift */,
				F76AF7AA2C16A415005DC327 /* EnumCoding.swift */,
				F76AF7AC2C16A415005DC327 /* HexColorCoding.swift */,
				F76AF7AF2C16A415005DC327 /* ISO8601DateCoding.swift */,
				87EC9BCD2C22820C001DD724 /* PointCoding.swift */,
				876D56A62C1845470006E25E /* RectCoding.swift */,
				F7B9978D2C2723C9006D1C45 /* RFC2822DateCoding.swift */,
				F7B9978F2C2723E7006D1C45 /* RFC3339DateCoding.swift */,
				876D56A42C183D6F0006E25E /* RGBAColorCoding.swift */,
				F747FFD52C231846001A4680 /* RGBColorCoding.swift */,
				F76AF7B42C16A415005DC327 /* TimestampDateCoding.swift */,
			);
			path = Codings;
			sourceTree = "<group>";
		};
/* End PBXGroup section */

/* Begin PBXNativeTarget section */
		F76AF78B2C16A29A005DC327 /* CodableExample */ = {
			isa = PBXNativeTarget;
			buildConfigurationList = F76AF79B2C16A29B005DC327 /* Build configuration list for PBXNativeTarget "CodableExample" */;
			buildPhases = (
				F76AF7882C16A29A005DC327 /* Sources */,
				F76AF7892C16A29A005DC327 /* Frameworks */,
				F76AF78A2C16A29A005DC327 /* Resources */,
			);
			buildRules = (
			);
			dependencies = (
			);
			name = CodableExample;
			productName = CodableExample;
			productReference = F76AF78C2C16A29A005DC327 /* CodableExample.app */;
			productType = "com.apple.product-type.application";
		};
/* End PBXNativeTarget section */

/* Begin PBXProject section */
		F76AF7842C16A299005DC327 /* Project object */ = {
			isa = PBXProject;
			attributes = {
				BuildIndependentTargetsInParallel = 1;
				LastSwiftUpdateCheck = 1540;
				LastUpgradeCheck = 1540;
				TargetAttributes = {
					F76AF78B2C16A29A005DC327 = {
						CreatedOnToolsVersion = 15.4;
					};
				};
			};
			buildConfigurationList = F76AF7872C16A299005DC327 /* Build configuration list for PBXProject "CodableExample" */;
			compatibilityVersion = "Xcode 14.0";
			developmentRegion = en;
			hasScannedForEncodings = 0;
			knownRegions = (
				en,
				Base,
			);
			mainGroup = F76AF7832C16A299005DC327;
			productRefGroup = F76AF78D2C16A29A005DC327 /* Products */;
			projectDirPath = "";
			projectRoot = "";
			targets = (
				F76AF78B2C16A29A005DC327 /* CodableExample */,
			);
		};
/* End PBXProject section */

/* Begin PBXResourcesBuildPhase section */
		F76AF78A2C16A29A005DC327 /* Resources */ = {
			isa = PBXResourcesBuildPhase;
			buildActionMask = 2147483647;
			files = (
				F76AF7D22C16B1C5005DC327 /* HollowCodable.podspec in Resources */,
				F76AF7982C16A29B005DC327 /* Preview Assets.xcassets in Resources */,
				F76AF7D42C16B201005DC327 /* README.md in Resources */,
				F76AF79F2C16A3C0005DC327 /* Codable.json in Resources */,
				F76AF7942C16A29B005DC327 /* Assets.xcassets in Resources */,
			);
			runOnlyForDeploymentPostprocessing = 0;
		};
/* End PBXResourcesBuildPhase section */

/* Begin PBXSourcesBuildPhase section */
		F76AF7882C16A29A005DC327 /* Sources */ = {
			isa = PBXSourcesBuildPhase;
			buildActionMask = 2147483647;
			files = (
				F70CFD4F2C2998BB0056CB9F /* ValueX.swift in Sources */,
				F76AF7C72C16A415005DC327 /* KeyedDecodingContainer+Ext.swift in Sources */,
				F76AF7C52C16A415005DC327 /* Immutable.swift in Sources */,
				F76AF7922C16A29A005DC327 /* ContentView.swift in Sources */,
				F76AF7CA2C16A415005DC327 /* ReplaceKeys.swift in Sources */,
				F76AF7BE2C16A415005DC327 /* DecimalNumberCoding.swift in Sources */,
				F76AF7B82C16A415005DC327 /* ApiResponse.swift in Sources */,
				F76AF7C62C16A415005DC327 /* ISO8601DateCoding.swift in Sources */,
				87F2AB842C1FCF2B006DF62F /* KeyStrategy.swift in Sources */,
				F747FFD62C231846001A4680 /* RGBColorCoding.swift in Sources */,
				F76AF7C82C16A415005DC327 /* KeyedEncodingContainer+Ext.swift in Sources */,
				F76AF7CB2C16A415005DC327 /* TimestampDateCoding.swift in Sources */,
				87F2AB882C200C8A006DF62F /* Enserializer.swift in Sources */,
				876D56A32C18333C0006E25E /* AnyBacked.swift in Sources */,
				876D56A52C183D6F0006E25E /* RGBAColorCoding.swift in Sources */,
				F747FFD82C232328001A4680 /* HasDefaultValuable.swift in Sources */,
				871EE7BC2C29504100E8BE37 /* AnyDictionaryCoding.swift in Sources */,
				F7EA7B692C205EA40048E264 /* DefaultBacked.swift in Sources */,
				871EE7B82C29462C00E8BE37 /* Transformer+Ext.swift in Sources */,
				F7B997962C27467D006D1C45 /* Converter.swift in Sources */,
				F76AF7902C16A29A005DC327 /* CodableExampleApp.swift in Sources */,
				F76AF7BF2C16A415005DC327 /* Deserializer.swift in Sources */,
				876D56A72C1845470006E25E /* RectCoding.swift in Sources */,
				F7B997942C272CF4006D1C45 /* Base64DataCoding.swift in Sources */,
				F76AF7BD2C16A415005DC327 /* DateFormatterCoding.swift in Sources */,
				F76AF7B72C16A415005DC327 /* PathCodingKey.swift in Sources */,
				F76AF7C32C16A415005DC327 /* HexColorCoding.swift in Sources */,
				87EC9BD22C22AF55001DD724 /* _PropertyWrappers.swift in Sources */,
				F7B9978E2C2723C9006D1C45 /* RFC2822DateCoding.swift in Sources */,
				F76AF7D02C16A604005DC327 /* Model.swift in Sources */,
				87EC9BCC2C227C98001DD724 /* Transformer.swift in Sources */,
				F7EA7B6B2C20712A0048E264 /* Logger.swift in Sources */,
				87EC9BD02C22AD2D001DD724 /* DateCoding.swift in Sources */,
				87F2AB862C1FCFDE006DF62F /* Ext.swift in Sources */,
				87341A2F2C217D4400DF23FF /* IgnoredKey.swift in Sources */,
				F76AF7C42C16A415005DC327 /* Hollow.swift in Sources */,
				87EC9BCA2C22761A001DD724 /* BoolCoding.swift in Sources */,
				F76AF7C12C16A415005DC327 /* EnumCoding.swift in Sources */,
				87EC9BCE2C22820C001DD724 /* PointCoding.swift in Sources */,
				F7B997902C2723E7006D1C45 /* RFC3339DateCoding.swift in Sources */,
				F76AF7C92C16A415005DC327 /* HollowCodable.swift in Sources */,
				F76AF7B92C16A415005DC327 /* DataCoding.swift in Sources */,
				F76AF7CE2C16A599005DC327 /* Res.swift in Sources */,
			);
			runOnlyForDeploymentPostprocessing = 0;
		};
/* End PBXSourcesBuildPhase section */

/* Begin XCBuildConfiguration section */
		F76AF7992C16A29B005DC327 /* Debug */ = {
			isa = XCBuildConfiguration;
			buildSettings = {
				ALWAYS_SEARCH_USER_PATHS = NO;
				ASSETCATALOG_COMPILER_GENERATE_SWIFT_ASSET_SYMBOL_EXTENSIONS = YES;
				CLANG_ANALYZER_NONNULL = YES;
				CLANG_ANALYZER_NUMBER_OBJECT_CONVERSION = YES_AGGRESSIVE;
				CLANG_CXX_LANGUAGE_STANDARD = "gnu++20";
				CLANG_ENABLE_MODULES = YES;
				CLANG_ENABLE_OBJC_ARC = YES;
				CLANG_ENABLE_OBJC_WEAK = YES;
				CLANG_WARN_BLOCK_CAPTURE_AUTORELEASING = YES;
				CLANG_WARN_BOOL_CONVERSION = YES;
				CLANG_WARN_COMMA = YES;
				CLANG_WARN_CONSTANT_CONVERSION = YES;
				CLANG_WARN_DEPRECATED_OBJC_IMPLEMENTATIONS = YES;
				CLANG_WARN_DIRECT_OBJC_ISA_USAGE = YES_ERROR;
				CLANG_WARN_DOCUMENTATION_COMMENTS = YES;
				CLANG_WARN_EMPTY_BODY = YES;
				CLANG_WARN_ENUM_CONVERSION = YES;
				CLANG_WARN_INFINITE_RECURSION = YES;
				CLANG_WARN_INT_CONVERSION = YES;
				CLANG_WARN_NON_LITERAL_NULL_CONVERSION = YES;
				CLANG_WARN_OBJC_IMPLICIT_RETAIN_SELF = YES;
				CLANG_WARN_OBJC_LITERAL_CONVERSION = YES;
				CLANG_WARN_OBJC_ROOT_CLASS = YES_ERROR;
				CLANG_WARN_QUOTED_INCLUDE_IN_FRAMEWORK_HEADER = YES;
				CLANG_WARN_RANGE_LOOP_ANALYSIS = YES;
				CLANG_WARN_STRICT_PROTOTYPES = YES;
				CLANG_WARN_SUSPICIOUS_MOVE = YES;
				CLANG_WARN_UNGUARDED_AVAILABILITY = YES_AGGRESSIVE;
				CLANG_WARN_UNREACHABLE_CODE = YES;
				CLANG_WARN__DUPLICATE_METHOD_MATCH = YES;
				COPY_PHASE_STRIP = NO;
				DEBUG_INFORMATION_FORMAT = dwarf;
				ENABLE_STRICT_OBJC_MSGSEND = YES;
				ENABLE_TESTABILITY = YES;
				ENABLE_USER_SCRIPT_SANDBOXING = YES;
				GCC_C_LANGUAGE_STANDARD = gnu17;
				GCC_DYNAMIC_NO_PIC = NO;
				GCC_NO_COMMON_BLOCKS = YES;
				GCC_OPTIMIZATION_LEVEL = 0;
				GCC_PREPROCESSOR_DEFINITIONS = (
					"DEBUG=1",
					"$(inherited)",
				);
				GCC_WARN_64_TO_32_BIT_CONVERSION = YES;
				GCC_WARN_ABOUT_RETURN_TYPE = YES_ERROR;
				GCC_WARN_UNDECLARED_SELECTOR = YES;
				GCC_WARN_UNINITIALIZED_AUTOS = YES_AGGRESSIVE;
				GCC_WARN_UNUSED_FUNCTION = YES;
				GCC_WARN_UNUSED_VARIABLE = YES;
				LOCALIZATION_PREFERS_STRING_CATALOGS = YES;
				MTL_ENABLE_DEBUG_INFO = INCLUDE_SOURCE;
				MTL_FAST_MATH = YES;
				ONLY_ACTIVE_ARCH = YES;
				SWIFT_ACTIVE_COMPILATION_CONDITIONS = "DEBUG $(inherited)";
				SWIFT_OPTIMIZATION_LEVEL = "-Onone";
			};
			name = Debug;
		};
		F76AF79A2C16A29B005DC327 /* Release */ = {
			isa = XCBuildConfiguration;
			buildSettings = {
				ALWAYS_SEARCH_USER_PATHS = NO;
				ASSETCATALOG_COMPILER_GENERATE_SWIFT_ASSET_SYMBOL_EXTENSIONS = YES;
				CLANG_ANALYZER_NONNULL = YES;
				CLANG_ANALYZER_NUMBER_OBJECT_CONVERSION = YES_AGGRESSIVE;
				CLANG_CXX_LANGUAGE_STANDARD = "gnu++20";
				CLANG_ENABLE_MODULES = YES;
				CLANG_ENABLE_OBJC_ARC = YES;
				CLANG_ENABLE_OBJC_WEAK = YES;
				CLANG_WARN_BLOCK_CAPTURE_AUTORELEASING = YES;
				CLANG_WARN_BOOL_CONVERSION = YES;
				CLANG_WARN_COMMA = YES;
				CLANG_WARN_CONSTANT_CONVERSION = YES;
				CLANG_WARN_DEPRECATED_OBJC_IMPLEMENTATIONS = YES;
				CLANG_WARN_DIRECT_OBJC_ISA_USAGE = YES_ERROR;
				CLANG_WARN_DOCUMENTATION_COMMENTS = YES;
				CLANG_WARN_EMPTY_BODY = YES;
				CLANG_WARN_ENUM_CONVERSION = YES;
				CLANG_WARN_INFINITE_RECURSION = YES;
				CLANG_WARN_INT_CONVERSION = YES;
				CLANG_WARN_NON_LITERAL_NULL_CONVERSION = YES;
				CLANG_WARN_OBJC_IMPLICIT_RETAIN_SELF = YES;
				CLANG_WARN_OBJC_LITERAL_CONVERSION = YES;
				CLANG_WARN_OBJC_ROOT_CLASS = YES_ERROR;
				CLANG_WARN_QUOTED_INCLUDE_IN_FRAMEWORK_HEADER = YES;
				CLANG_WARN_RANGE_LOOP_ANALYSIS = YES;
				CLANG_WARN_STRICT_PROTOTYPES = YES;
				CLANG_WARN_SUSPICIOUS_MOVE = YES;
				CLANG_WARN_UNGUARDED_AVAILABILITY = YES_AGGRESSIVE;
				CLANG_WARN_UNREACHABLE_CODE = YES;
				CLANG_WARN__DUPLICATE_METHOD_MATCH = YES;
				COPY_PHASE_STRIP = NO;
				DEBUG_INFORMATION_FORMAT = "dwarf-with-dsym";
				ENABLE_NS_ASSERTIONS = NO;
				ENABLE_STRICT_OBJC_MSGSEND = YES;
				ENABLE_USER_SCRIPT_SANDBOXING = YES;
				GCC_C_LANGUAGE_STANDARD = gnu17;
				GCC_NO_COMMON_BLOCKS = YES;
				GCC_WARN_64_TO_32_BIT_CONVERSION = YES;
				GCC_WARN_ABOUT_RETURN_TYPE = YES_ERROR;
				GCC_WARN_UNDECLARED_SELECTOR = YES;
				GCC_WARN_UNINITIALIZED_AUTOS = YES_AGGRESSIVE;
				GCC_WARN_UNUSED_FUNCTION = YES;
				GCC_WARN_UNUSED_VARIABLE = YES;
				LOCALIZATION_PREFERS_STRING_CATALOGS = YES;
				MTL_ENABLE_DEBUG_INFO = NO;
				MTL_FAST_MATH = YES;
				SWIFT_COMPILATION_MODE = wholemodule;
			};
			name = Release;
		};
		F76AF79C2C16A29B005DC327 /* Debug */ = {
			isa = XCBuildConfiguration;
			buildSettings = {
				ASSETCATALOG_COMPILER_APPICON_NAME = AppIcon;
				ASSETCATALOG_COMPILER_GLOBAL_ACCENT_COLOR_NAME = AccentColor;
				CODE_SIGN_ENTITLEMENTS = CodableExample/CodableExample.entitlements;
				CODE_SIGN_STYLE = Automatic;
				CURRENT_PROJECT_VERSION = 1;
				DEVELOPMENT_ASSET_PATHS = "\"CodableExample/Preview Content\"";
				ENABLE_PREVIEWS = YES;
				GENERATE_INFOPLIST_FILE = YES;
				"INFOPLIST_KEY_UIApplicationSceneManifest_Generation[sdk=iphoneos*]" = YES;
				"INFOPLIST_KEY_UIApplicationSceneManifest_Generation[sdk=iphonesimulator*]" = YES;
				"INFOPLIST_KEY_UIApplicationSupportsIndirectInputEvents[sdk=iphoneos*]" = YES;
				"INFOPLIST_KEY_UIApplicationSupportsIndirectInputEvents[sdk=iphonesimulator*]" = YES;
				"INFOPLIST_KEY_UILaunchScreen_Generation[sdk=iphoneos*]" = YES;
				"INFOPLIST_KEY_UILaunchScreen_Generation[sdk=iphonesimulator*]" = YES;
				"INFOPLIST_KEY_UIStatusBarStyle[sdk=iphoneos*]" = UIStatusBarStyleDefault;
				"INFOPLIST_KEY_UIStatusBarStyle[sdk=iphonesimulator*]" = UIStatusBarStyleDefault;
				INFOPLIST_KEY_UISupportedInterfaceOrientations_iPad = "UIInterfaceOrientationPortrait UIInterfaceOrientationPortraitUpsideDown UIInterfaceOrientationLandscapeLeft UIInterfaceOrientationLandscapeRight";
				INFOPLIST_KEY_UISupportedInterfaceOrientations_iPhone = "UIInterfaceOrientationPortrait UIInterfaceOrientationLandscapeLeft UIInterfaceOrientationLandscapeRight";
				IPHONEOS_DEPLOYMENT_TARGET = 17.5;
				LD_RUNPATH_SEARCH_PATHS = "@executable_path/Frameworks";
				"LD_RUNPATH_SEARCH_PATHS[sdk=macosx*]" = "@executable_path/../Frameworks";
				MACOSX_DEPLOYMENT_TARGET = 14.2;
				MARKETING_VERSION = 1.0;
				PRODUCT_BUNDLE_IDENTIFIER = condy.CodableExample;
				PRODUCT_NAME = "$(TARGET_NAME)";
				SDKROOT = auto;
				SUPPORTED_PLATFORMS = "appletvos appletvsimulator iphoneos iphonesimulator macosx xros xrsimulator";
				SUPPORTS_MACCATALYST = NO;
				SWIFT_EMIT_LOC_STRINGS = YES;
				SWIFT_VERSION = 5.0;
				TARGETED_DEVICE_FAMILY = "1,2,3,7";
			};
			name = Debug;
		};
		F76AF79D2C16A29B005DC327 /* Release */ = {
			isa = XCBuildConfiguration;
			buildSettings = {
				ASSETCATALOG_COMPILER_APPICON_NAME = AppIcon;
				ASSETCATALOG_COMPILER_GLOBAL_ACCENT_COLOR_NAME = AccentColor;
				CODE_SIGN_ENTITLEMENTS = CodableExample/CodableExample.entitlements;
				CODE_SIGN_STYLE = Automatic;
				CURRENT_PROJECT_VERSION = 1;
				DEVELOPMENT_ASSET_PATHS = "\"CodableExample/Preview Content\"";
				ENABLE_PREVIEWS = YES;
				GENERATE_INFOPLIST_FILE = YES;
				"INFOPLIST_KEY_UIApplicationSceneManifest_Generation[sdk=iphoneos*]" = YES;
				"INFOPLIST_KEY_UIApplicationSceneManifest_Generation[sdk=iphonesimulator*]" = YES;
				"INFOPLIST_KEY_UIApplicationSupportsIndirectInputEvents[sdk=iphoneos*]" = YES;
				"INFOPLIST_KEY_UIApplicationSupportsIndirectInputEvents[sdk=iphonesimulator*]" = YES;
				"INFOPLIST_KEY_UILaunchScreen_Generation[sdk=iphoneos*]" = YES;
				"INFOPLIST_KEY_UILaunchScreen_Generation[sdk=iphonesimulator*]" = YES;
				"INFOPLIST_KEY_UIStatusBarStyle[sdk=iphoneos*]" = UIStatusBarStyleDefault;
				"INFOPLIST_KEY_UIStatusBarStyle[sdk=iphonesimulator*]" = UIStatusBarStyleDefault;
				INFOPLIST_KEY_UISupportedInterfaceOrientations_iPad = "UIInterfaceOrientationPortrait UIInterfaceOrientationPortraitUpsideDown UIInterfaceOrientationLandscapeLeft UIInterfaceOrientationLandscapeRight";
				INFOPLIST_KEY_UISupportedInterfaceOrientations_iPhone = "UIInterfaceOrientationPortrait UIInterfaceOrientationLandscapeLeft UIInterfaceOrientationLandscapeRight";
				IPHONEOS_DEPLOYMENT_TARGET = 17.5;
				LD_RUNPATH_SEARCH_PATHS = "@executable_path/Frameworks";
				"LD_RUNPATH_SEARCH_PATHS[sdk=macosx*]" = "@executable_path/../Frameworks";
				MACOSX_DEPLOYMENT_TARGET = 14.2;
				MARKETING_VERSION = 1.0;
				PRODUCT_BUNDLE_IDENTIFIER = condy.CodableExample;
				PRODUCT_NAME = "$(TARGET_NAME)";
				SDKROOT = auto;
				SUPPORTED_PLATFORMS = "appletvos appletvsimulator iphoneos iphonesimulator macosx xros xrsimulator";
				SUPPORTS_MACCATALYST = NO;
				SWIFT_EMIT_LOC_STRINGS = YES;
				SWIFT_VERSION = 5.0;
				TARGETED_DEVICE_FAMILY = "1,2,3,7";
			};
			name = Release;
		};
/* End XCBuildConfiguration section */

/* Begin XCConfigurationList section */
		F76AF7872C16A299005DC327 /* Build configuration list for PBXProject "CodableExample" */ = {
			isa = XCConfigurationList;
			buildConfigurations = (
				F76AF7992C16A29B005DC327 /* Debug */,
				F76AF79A2C16A29B005DC327 /* Release */,
			);
			defaultConfigurationIsVisible = 0;
			defaultConfigurationName = Release;
		};
		F76AF79B2C16A29B005DC327 /* Build configuration list for PBXNativeTarget "CodableExample" */ = {
			isa = XCConfigurationList;
			buildConfigurations = (
				F76AF79C2C16A29B005DC327 /* Debug */,
				F76AF79D2C16A29B005DC327 /* Release */,
			);
			defaultConfigurationIsVisible = 0;
			defaultConfigurationName = Release;
		};
/* End XCConfigurationList section */
	};
	rootObject = F76AF7842C16A299005DC327 /* Project object */;
}
